
Microsoft Visual Studio Solution File, Format Version 12.00
# Visual Studio Version 16
VisualStudioVersion = 16.0.31112.23
MinimumVisualStudioVersion = 10.0.40219.1
Project("{9A19103F-16F7-4668-BE54-9A1E7A4F7556}") = "Fiap", "web\Fiap.csproj", "{553BA2DC-ADCE-47E4-AAB4-E7359A05E271}"
EndProject
Project("{9A19103F-16F7-4668-BE54-9A1E7A4F7556}") = "Fiap.Core", "Fiap.Core\Fiap.Core.csproj", "{353C677F-54FA-417D-9DDD-D7A4AAF2F5EE}"
EndProject
Project("{9A19103F-16F7-4668-BE54-9A1E7A4F7556}") = "Fiap.API", "Fiap.API\Fiap.API.csproj", "{68AF6880-B706-4642-901A-4984B0A5729E}"
EndProject
Project("{FAE04EC0-301F-11D3-BF4B-00C04F79EFBC}") = "WebApplication1", "WebApplication1\WebApplication1.csproj", "{1E71C142-5BFC-4DBF-8BF2-F07E7F796DC5}"
EndProject
Global
	GlobalSection(SolutionConfigurationPlatforms) = preSolution
		Debug|Any CPU = Debug|Any CPU
		Release|Any CPU = Release|Any CPU
	EndGlobalSection
	GlobalSection(ProjectConfigurationPlatforms) = postSolution
		{553BA2DC-ADCE-47E4-AAB4-E7359A05E271}.Debug|Any CPU.ActiveCfg = Debug|Any CPU
		{553BA2DC-ADCE-47E4-AAB4-E7359A05E271}.Debug|Any CPU.Build.0 = Debug|Any CPU
		{553BA2DC-ADCE-47E4-AAB4-E7359A05E271}.Release|Any CPU.ActiveCfg = Release|Any CPU
		{553BA2DC-ADCE-47E4-AAB4-E7359A05E271}.Release|Any CPU.Build.0 = Release|Any CPU
		{353C677F-54FA-417D-9DDD-D7A4AAF2F5EE}.Debug|Any CPU.ActiveCfg = Debug|Any CPU
		{353C677F-54FA-417D-9DDD-D7A4AAF2F5EE}.Debug|Any CPU.Build.0 = Debug|Any CPU
		{353C677F-54FA-417D-9DDD-D7A4AAF2F5EE}.Release|Any CPU.ActiveCfg = Release|Any CPU
		{353C677F-54FA-417D-9DDD-D7A4AAF2F5EE}.Release|Any CPU.Build.0 = Release|Any CPU
		{68AF6880-B706-4642-901A-4984B0A5729E}.Debug|Any CPU.ActiveCfg = Debug|Any CPU
		{68AF6880-B706-4642-901A-4984B0A5729E}.Debug|Any CPU.Build.0 = Debug|Any CPU
		{68AF6880-B706-4642-901A-4984B0A5729E}.Release|Any CPU.ActiveCfg = Release|Any CPU
		{68AF6880-B706-4642-901A-4984B0A5729E}.Release|Any CPU.Build.0 = Release|Any CPU
		{1E71C142-5BFC-4DBF-8BF2-F07E7F796DC5}.Debug|Any CPU.ActiveCfg = Debug|Any CPU
		{1E71C142-5BFC-4DBF-8BF2-F07E7F796DC5}.Debug|Any CPU.Build.0 = Debug|Any CPU
		{1E71C142-5BFC-4DBF-8BF2-F07E7F796DC5}.Release|Any CPU.ActiveCfg = Release|Any CPU
		{1E71C142-5BFC-4DBF-8BF2-F07E7F796DC5}.Release|Any CPU.Build.0 = Release|Any CPU
	EndGlobalSection
	GlobalSection(SolutionProperties) = preSolution
		HideSolutionNode = FALSE
	EndGlobalSection
	GlobalSection(ExtensibilityGlobals) = postSolution
		SolutionGuid = {235FBC58-CFA3-451C-BFD0-F6AF98F51492}
	EndGlobalSection
EndGlobal
