
Microsoft Visual Studio Solution File, Format Version 12.00
# Visual Studio Version 16
VisualStudioVersion = 16.0.31112.23
MinimumVisualStudioVersion = 10.0.40219.1
Project("{9A19103F-16F7-4668-BE54-9A1E7A4F7556}") = "Fiap.Presentation.Web", "web\Fiap.Presentation.Web.csproj", "{553BA2DC-ADCE-47E4-AAB4-E7359A05E271}"
EndProject
Project("{FAE04EC0-301F-11D3-BF4B-00C04F79EFBC}") = "Fiap.Domain", "Fiap.Domain\Fiap.Domain.csproj", "{82E2EC68-0EBB-4771-A1E0-E3813DD2B91D}"
EndProject
Project("{FAE04EC0-301F-11D3-BF4B-00C04F79EFBC}") = "Fiap.Application", "Fiap.Application\Fiap.Application.csproj", "{078E9746-A1EF-4C1F-A43F-B687CA7ECCC8}"
EndProject
Project("{FAE04EC0-301F-11D3-BF4B-00C04F79EFBC}") = "Fiap.Persistence", "Fiap.Persistence\Fiap.Persistence.csproj", "{DEEB478C-7466-46CA-858A-4727C521A756}"
EndProject
Project("{FAE04EC0-301F-11D3-BF4B-00C04F79EFBC}") = "Fiap.Infrastructer", "Fiap.Infrastructer\Fiap.Infrastructer.csproj", "{48DB9800-F1A8-4F2F-BDDC-4818F99AFE3E}"
EndProject
Project("{FAE04EC0-301F-11D3-BF4B-00C04F79EFBC}") = "Fiap.IoC", "Fiap.IoC\Fiap.IoC.csproj", "{8A7151D4-B4D4-46EC-8F42-094581CE450D}"
EndProject
Global
	GlobalSection(SolutionConfigurationPlatforms) = preSolution
		Debug|Any CPU = Debug|Any CPU
		Release|Any CPU = Release|Any CPU
	EndGlobalSection
	GlobalSection(ProjectConfigurationPlatforms) = postSolution
		{553BA2DC-ADCE-47E4-AAB4-E7359A05E271}.Debug|Any CPU.ActiveCfg = Debug|Any CPU
		{553BA2DC-ADCE-47E4-AAB4-E7359A05E271}.Debug|Any CPU.Build.0 = Debug|Any CPU
		{553BA2DC-ADCE-47E4-AAB4-E7359A05E271}.Release|Any CPU.ActiveCfg = Release|Any CPU
		{553BA2DC-ADCE-47E4-AAB4-E7359A05E271}.Release|Any CPU.Build.0 = Release|Any CPU
		{82E2EC68-0EBB-4771-A1E0-E3813DD2B91D}.Debug|Any CPU.ActiveCfg = Debug|Any CPU
		{82E2EC68-0EBB-4771-A1E0-E3813DD2B91D}.Debug|Any CPU.Build.0 = Debug|Any CPU
		{82E2EC68-0EBB-4771-A1E0-E3813DD2B91D}.Release|Any CPU.ActiveCfg = Release|Any CPU
		{82E2EC68-0EBB-4771-A1E0-E3813DD2B91D}.Release|Any CPU.Build.0 = Release|Any CPU
		{078E9746-A1EF-4C1F-A43F-B687CA7ECCC8}.Debug|Any CPU.ActiveCfg = Debug|Any CPU
		{078E9746-A1EF-4C1F-A43F-B687CA7ECCC8}.Debug|Any CPU.Build.0 = Debug|Any CPU
		{078E9746-A1EF-4C1F-A43F-B687CA7ECCC8}.Release|Any CPU.ActiveCfg = Release|Any CPU
		{078E9746-A1EF-4C1F-A43F-B687CA7ECCC8}.Release|Any CPU.Build.0 = Release|Any CPU
		{DEEB478C-7466-46CA-858A-4727C521A756}.Debug|Any CPU.ActiveCfg = Debug|Any CPU
		{DEEB478C-7466-46CA-858A-4727C521A756}.Debug|Any CPU.Build.0 = Debug|Any CPU
		{DEEB478C-7466-46CA-858A-4727C521A756}.Release|Any CPU.ActiveCfg = Release|Any CPU
		{DEEB478C-7466-46CA-858A-4727C521A756}.Release|Any CPU.Build.0 = Release|Any CPU
		{48DB9800-F1A8-4F2F-BDDC-4818F99AFE3E}.Debug|Any CPU.ActiveCfg = Debug|Any CPU
		{48DB9800-F1A8-4F2F-BDDC-4818F99AFE3E}.Debug|Any CPU.Build.0 = Debug|Any CPU
		{48DB9800-F1A8-4F2F-BDDC-4818F99AFE3E}.Release|Any CPU.ActiveCfg = Release|Any CPU
		{48DB9800-F1A8-4F2F-BDDC-4818F99AFE3E}.Release|Any CPU.Build.0 = Release|Any CPU
		{8A7151D4-B4D4-46EC-8F42-094581CE450D}.Debug|Any CPU.ActiveCfg = Debug|Any CPU
		{8A7151D4-B4D4-46EC-8F42-094581CE450D}.Debug|Any CPU.Build.0 = Debug|Any CPU
		{8A7151D4-B4D4-46EC-8F42-094581CE450D}.Release|Any CPU.ActiveCfg = Release|Any CPU
		{8A7151D4-B4D4-46EC-8F42-094581CE450D}.Release|Any CPU.Build.0 = Release|Any CPU
	EndGlobalSection
	GlobalSection(SolutionProperties) = preSolution
		HideSolutionNode = FALSE
	EndGlobalSection
	GlobalSection(ExtensibilityGlobals) = postSolution
		SolutionGuid = {235FBC58-CFA3-451C-BFD0-F6AF98F51492}
	EndGlobalSection
EndGlobal
